
Microsoft Visual Studio Solution File, Format Version 12.00
# Visual Studio Version 16
VisualStudioVersion = 16.0.30517.126
MinimumVisualStudioVersion = 10.0.40219.1
Project("{F184B08F-C81C-45F6-A57F-5ABD9991F28F}") = "Shopping Cart System", "Shopping Cart System\Shopping Cart System.vbproj", "{93E04FDB-5321-428B-A959-DE3A7786B2EF}"
EndProject
Global
	GlobalSection(SolutionConfigurationPlatforms) = preSolution
		Debug|Any CPU = Debug|Any CPU
		Release|Any CPU = Release|Any CPU
	EndGlobalSection
	GlobalSection(ProjectConfigurationPlatforms) = postSolution
		{93E04FDB-5321-428B-A959-DE3A7786B2EF}.Debug|Any CPU.ActiveCfg = Debug|Any CPU
		{93E04FDB-5321-428B-A959-DE3A7786B2EF}.Debug|Any CPU.Build.0 = Debug|Any CPU
		{93E04FDB-5321-428B-A959-DE3A7786B2EF}.Release|Any CPU.ActiveCfg = Release|Any CPU
		{93E04FDB-5321-428B-A959-DE3A7786B2EF}.Release|Any CPU.Build.0 = Release|Any CPU
	EndGlobalSection
	GlobalSection(SolutionProperties) = preSolution
		HideSolutionNode = FALSE
	EndGlobalSection
	GlobalSection(ExtensibilityGlobals) = postSolution
		SolutionGuid = {F9783A0C-12EA-4053-AB5F-CC2F24030EFA}
	EndGlobalSection
EndGlobal
